# THIS IS AN AUTOGENERATED FILE. DO NOT EDIT THIS FILE DIRECTLY.
# yarn lockfile v1


lucide@^0.577.0:
  version "0.577.0"
  resolved "https://registry.yarnpkg.com/lucide/-/lucide-0.577.0.tgz#832a7905a4035d9f2c16ee9c3ee8ea83d125fe12"
  integrity sha512-PpC/m5eOItp/WU/GlQPFBXDOhq6HibL73KzYP37OX3LM7VmzWQF8voEj8QRWUFvy9FIKfeDQkWYoyS1D/MdWFA==
